
Microsoft Visual Studio Solution File, Format Version 12.00
# Visual Studio Version 16
VisualStudioVersion = 16.0.30114.105
MinimumVisualStudioVersion = 10.0.40219.1
Project("{2150E333-8FDC-42A3-9474-1A3956D46DE8}") = "src", "src", "{3E7A8489-FDEE-4B2E-AE08-252494739BE8}"
EndProject
Project("{2150E333-8FDC-42A3-9474-1A3956D46DE8}") = "web", "web", "{A13BF67C-3560-4AE6-878F-ED4F65821090}"
EndProject
Project("{FAE04EC0-301F-11D3-BF4B-00C04F79EFBC}") = "NSE.WebApp.MVC", "src\web\NSE.WebApp.MVC\NSE.WebApp.MVC.csproj", "{8170D496-8FF5-48D1-BC39-9432DA0B3C71}"
EndProject
Project("{2150E333-8FDC-42A3-9474-1A3956D46DE8}") = "services", "services", "{4DAD1AD0-0FD6-4023-BC0E-25547AD615AD}"
EndProject
Project("{FAE04EC0-301F-11D3-BF4B-00C04F79EFBC}") = "NSE.Identidade.API", "src\services\NSE.Identidade.API\NSE.Identidade.API.csproj", "{1B17B908-CE78-4B54-AD7C-23B8F36DB988}"
EndProject
Project("{FAE04EC0-301F-11D3-BF4B-00C04F79EFBC}") = "NSE.Carrinho.API", "src\services\NSE.Carrinho.API\NSE.Carrinho.API.csproj", "{41A41964-32CB-4F5E-92EF-D39E5DC23504}"
EndProject
Project("{FAE04EC0-301F-11D3-BF4B-00C04F79EFBC}") = "NSE.Catalogo.API", "src\services\NSE.Catalogo.API\NSE.Catalogo.API.csproj", "{045181FD-A2BD-4CD6-823A-F1BF450B56AF}"
EndProject
Project("{2150E333-8FDC-42A3-9474-1A3956D46DE8}") = "building-blocks", "building-blocks", "{F81D1196-5A9E-49E8-A20E-AA779427F080}"
EndProject
Project("{FAE04EC0-301F-11D3-BF4B-00C04F79EFBC}") = "NSE.Core", "src\building-blocks\NSE.Core\NSE.Core.csproj", "{4493151F-CFC1-4D3F-A2A7-B9224EBA0094}"
EndProject
Project("{FAE04EC0-301F-11D3-BF4B-00C04F79EFBC}") = "NSE.Clientes.API", "src\services\NSE.Clientes.API\NSE.Clientes.API.csproj", "{3EE4B522-F445-40B9-9A00-F3A08903E8E0}"
EndProject
Project("{FAE04EC0-301F-11D3-BF4B-00C04F79EFBC}") = "NSE.Pedidos.API", "src\services\NSE.Pedidos.API\NSE.Pedidos.API.csproj", "{0167F6B5-9BB8-4F7C-BE02-60D9259AFA10}"
EndProject
Project("{FAE04EC0-301F-11D3-BF4B-00C04F79EFBC}") = "NSE.Pagamentos.API", "src\services\NSE.Pagamentos.API\NSE.Pagamentos.API.csproj", "{585B3ABF-BC2B-4071-A9AE-56771DDF628E}"
EndProject
Project("{FAE04EC0-301F-11D3-BF4B-00C04F79EFBC}") = "NSE.MessageBus", "src\building-blocks\NSE.MessageBus\NSE.MessageBus.csproj", "{F78692AD-F960-40E4-8068-531C0F6EDA95}"
EndProject
Project("{2150E333-8FDC-42A3-9474-1A3956D46DE8}") = "api-gateways", "api-gateways", "{36B31412-BF15-45DD-9A61-2BEFD85ACB24}"
EndProject
Project("{FAE04EC0-301F-11D3-BF4B-00C04F79EFBC}") = "NSE.Bff.Compras", "src\api-gateways\NSE.Bff.Compras\NSE.Bff.Compras.csproj", "{425FF4EF-9B5F-4ADB-A4A4-AF2A27F807B7}"
EndProject
Project("{FAE04EC0-301F-11D3-BF4B-00C04F79EFBC}") = "NSE.Pedidos.Domain", "src\services\NSE.Pedidos.Domain\NSE.Pedidos.Domain.csproj", "{EB55D319-EC4A-404D-9FB3-59B81A31E03B}"
EndProject
Project("{FAE04EC0-301F-11D3-BF4B-00C04F79EFBC}") = "NSE.Pedidos.Infra", "src\services\NSE.Pedidos.Infra\NSE.Pedidos.Infra.csproj", "{91264C3D-E258-409D-952C-601ABACD0257}"
EndProject
Global
	GlobalSection(SolutionConfigurationPlatforms) = preSolution
		Debug|Any CPU = Debug|Any CPU
		Debug|x64 = Debug|x64
		Debug|x86 = Debug|x86
		Release|Any CPU = Release|Any CPU
		Release|x64 = Release|x64
		Release|x86 = Release|x86
	EndGlobalSection
	GlobalSection(SolutionProperties) = preSolution
		HideSolutionNode = FALSE
	EndGlobalSection
	GlobalSection(ProjectConfigurationPlatforms) = postSolution
		{8170D496-8FF5-48D1-BC39-9432DA0B3C71}.Debug|Any CPU.ActiveCfg = Debug|Any CPU
		{8170D496-8FF5-48D1-BC39-9432DA0B3C71}.Debug|Any CPU.Build.0 = Debug|Any CPU
		{8170D496-8FF5-48D1-BC39-9432DA0B3C71}.Debug|x64.ActiveCfg = Debug|Any CPU
		{8170D496-8FF5-48D1-BC39-9432DA0B3C71}.Debug|x64.Build.0 = Debug|Any CPU
		{8170D496-8FF5-48D1-BC39-9432DA0B3C71}.Debug|x86.ActiveCfg = Debug|Any CPU
		{8170D496-8FF5-48D1-BC39-9432DA0B3C71}.Debug|x86.Build.0 = Debug|Any CPU
		{8170D496-8FF5-48D1-BC39-9432DA0B3C71}.Release|Any CPU.ActiveCfg = Release|Any CPU
		{8170D496-8FF5-48D1-BC39-9432DA0B3C71}.Release|Any CPU.Build.0 = Release|Any CPU
		{8170D496-8FF5-48D1-BC39-9432DA0B3C71}.Release|x64.ActiveCfg = Release|Any CPU
		{8170D496-8FF5-48D1-BC39-9432DA0B3C71}.Release|x64.Build.0 = Release|Any CPU
		{8170D496-8FF5-48D1-BC39-9432DA0B3C71}.Release|x86.ActiveCfg = Release|Any CPU
		{8170D496-8FF5-48D1-BC39-9432DA0B3C71}.Release|x86.Build.0 = Release|Any CPU
		{1B17B908-CE78-4B54-AD7C-23B8F36DB988}.Debug|Any CPU.ActiveCfg = Debug|Any CPU
		{1B17B908-CE78-4B54-AD7C-23B8F36DB988}.Debug|Any CPU.Build.0 = Debug|Any CPU
		{1B17B908-CE78-4B54-AD7C-23B8F36DB988}.Debug|x64.ActiveCfg = Debug|Any CPU
		{1B17B908-CE78-4B54-AD7C-23B8F36DB988}.Debug|x64.Build.0 = Debug|Any CPU
		{1B17B908-CE78-4B54-AD7C-23B8F36DB988}.Debug|x86.ActiveCfg = Debug|Any CPU
		{1B17B908-CE78-4B54-AD7C-23B8F36DB988}.Debug|x86.Build.0 = Debug|Any CPU
		{1B17B908-CE78-4B54-AD7C-23B8F36DB988}.Release|Any CPU.ActiveCfg = Release|Any CPU
		{1B17B908-CE78-4B54-AD7C-23B8F36DB988}.Release|Any CPU.Build.0 = Release|Any CPU
		{1B17B908-CE78-4B54-AD7C-23B8F36DB988}.Release|x64.ActiveCfg = Release|Any CPU
		{1B17B908-CE78-4B54-AD7C-23B8F36DB988}.Release|x64.Build.0 = Release|Any CPU
		{1B17B908-CE78-4B54-AD7C-23B8F36DB988}.Release|x86.ActiveCfg = Release|Any CPU
		{1B17B908-CE78-4B54-AD7C-23B8F36DB988}.Release|x86.Build.0 = Release|Any CPU
		{41A41964-32CB-4F5E-92EF-D39E5DC23504}.Debug|Any CPU.ActiveCfg = Debug|Any CPU
		{41A41964-32CB-4F5E-92EF-D39E5DC23504}.Debug|Any CPU.Build.0 = Debug|Any CPU
		{41A41964-32CB-4F5E-92EF-D39E5DC23504}.Debug|x64.ActiveCfg = Debug|Any CPU
		{41A41964-32CB-4F5E-92EF-D39E5DC23504}.Debug|x64.Build.0 = Debug|Any CPU
		{41A41964-32CB-4F5E-92EF-D39E5DC23504}.Debug|x86.ActiveCfg = Debug|Any CPU
		{41A41964-32CB-4F5E-92EF-D39E5DC23504}.Debug|x86.Build.0 = Debug|Any CPU
		{41A41964-32CB-4F5E-92EF-D39E5DC23504}.Release|Any CPU.ActiveCfg = Release|Any CPU
		{41A41964-32CB-4F5E-92EF-D39E5DC23504}.Release|Any CPU.Build.0 = Release|Any CPU
		{41A41964-32CB-4F5E-92EF-D39E5DC23504}.Release|x64.ActiveCfg = Release|Any CPU
		{41A41964-32CB-4F5E-92EF-D39E5DC23504}.Release|x64.Build.0 = Release|Any CPU
		{41A41964-32CB-4F5E-92EF-D39E5DC23504}.Release|x86.ActiveCfg = Release|Any CPU
		{41A41964-32CB-4F5E-92EF-D39E5DC23504}.Release|x86.Build.0 = Release|Any CPU
		{045181FD-A2BD-4CD6-823A-F1BF450B56AF}.Debug|Any CPU.ActiveCfg = Debug|Any CPU
		{045181FD-A2BD-4CD6-823A-F1BF450B56AF}.Debug|Any CPU.Build.0 = Debug|Any CPU
		{045181FD-A2BD-4CD6-823A-F1BF450B56AF}.Debug|x64.ActiveCfg = Debug|Any CPU
		{045181FD-A2BD-4CD6-823A-F1BF450B56AF}.Debug|x64.Build.0 = Debug|Any CPU
		{045181FD-A2BD-4CD6-823A-F1BF450B56AF}.Debug|x86.ActiveCfg = Debug|Any CPU
		{045181FD-A2BD-4CD6-823A-F1BF450B56AF}.Debug|x86.Build.0 = Debug|Any CPU
		{045181FD-A2BD-4CD6-823A-F1BF450B56AF}.Release|Any CPU.ActiveCfg = Release|Any CPU
		{045181FD-A2BD-4CD6-823A-F1BF450B56AF}.Release|Any CPU.Build.0 = Release|Any CPU
		{045181FD-A2BD-4CD6-823A-F1BF450B56AF}.Release|x64.ActiveCfg = Release|Any CPU
		{045181FD-A2BD-4CD6-823A-F1BF450B56AF}.Release|x64.Build.0 = Release|Any CPU
		{045181FD-A2BD-4CD6-823A-F1BF450B56AF}.Release|x86.ActiveCfg = Release|Any CPU
		{045181FD-A2BD-4CD6-823A-F1BF450B56AF}.Release|x86.Build.0 = Release|Any CPU
		{4493151F-CFC1-4D3F-A2A7-B9224EBA0094}.Debug|Any CPU.ActiveCfg = Debug|Any CPU
		{4493151F-CFC1-4D3F-A2A7-B9224EBA0094}.Debug|Any CPU.Build.0 = Debug|Any CPU
		{4493151F-CFC1-4D3F-A2A7-B9224EBA0094}.Debug|x64.ActiveCfg = Debug|Any CPU
		{4493151F-CFC1-4D3F-A2A7-B9224EBA0094}.Debug|x64.Build.0 = Debug|Any CPU
		{4493151F-CFC1-4D3F-A2A7-B9224EBA0094}.Debug|x86.ActiveCfg = Debug|Any CPU
		{4493151F-CFC1-4D3F-A2A7-B9224EBA0094}.Debug|x86.Build.0 = Debug|Any CPU
		{4493151F-CFC1-4D3F-A2A7-B9224EBA0094}.Release|Any CPU.ActiveCfg = Release|Any CPU
		{4493151F-CFC1-4D3F-A2A7-B9224EBA0094}.Release|Any CPU.Build.0 = Release|Any CPU
		{4493151F-CFC1-4D3F-A2A7-B9224EBA0094}.Release|x64.ActiveCfg = Release|Any CPU
		{4493151F-CFC1-4D3F-A2A7-B9224EBA0094}.Release|x64.Build.0 = Release|Any CPU
		{4493151F-CFC1-4D3F-A2A7-B9224EBA0094}.Release|x86.ActiveCfg = Release|Any CPU
		{4493151F-CFC1-4D3F-A2A7-B9224EBA0094}.Release|x86.Build.0 = Release|Any CPU
		{3EE4B522-F445-40B9-9A00-F3A08903E8E0}.Debug|Any CPU.ActiveCfg = Debug|Any CPU
		{3EE4B522-F445-40B9-9A00-F3A08903E8E0}.Debug|Any CPU.Build.0 = Debug|Any CPU
		{3EE4B522-F445-40B9-9A00-F3A08903E8E0}.Debug|x64.ActiveCfg = Debug|Any CPU
		{3EE4B522-F445-40B9-9A00-F3A08903E8E0}.Debug|x64.Build.0 = Debug|Any CPU
		{3EE4B522-F445-40B9-9A00-F3A08903E8E0}.Debug|x86.ActiveCfg = Debug|Any CPU
		{3EE4B522-F445-40B9-9A00-F3A08903E8E0}.Debug|x86.Build.0 = Debug|Any CPU
		{3EE4B522-F445-40B9-9A00-F3A08903E8E0}.Release|Any CPU.ActiveCfg = Release|Any CPU
		{3EE4B522-F445-40B9-9A00-F3A08903E8E0}.Release|Any CPU.Build.0 = Release|Any CPU
		{3EE4B522-F445-40B9-9A00-F3A08903E8E0}.Release|x64.ActiveCfg = Release|Any CPU
		{3EE4B522-F445-40B9-9A00-F3A08903E8E0}.Release|x64.Build.0 = Release|Any CPU
		{3EE4B522-F445-40B9-9A00-F3A08903E8E0}.Release|x86.ActiveCfg = Release|Any CPU
		{3EE4B522-F445-40B9-9A00-F3A08903E8E0}.Release|x86.Build.0 = Release|Any CPU
		{0167F6B5-9BB8-4F7C-BE02-60D9259AFA10}.Debug|Any CPU.ActiveCfg = Debug|Any CPU
		{0167F6B5-9BB8-4F7C-BE02-60D9259AFA10}.Debug|Any CPU.Build.0 = Debug|Any CPU
		{0167F6B5-9BB8-4F7C-BE02-60D9259AFA10}.Debug|x64.ActiveCfg = Debug|Any CPU
		{0167F6B5-9BB8-4F7C-BE02-60D9259AFA10}.Debug|x64.Build.0 = Debug|Any CPU
		{0167F6B5-9BB8-4F7C-BE02-60D9259AFA10}.Debug|x86.ActiveCfg = Debug|Any CPU
		{0167F6B5-9BB8-4F7C-BE02-60D9259AFA10}.Debug|x86.Build.0 = Debug|Any CPU
		{0167F6B5-9BB8-4F7C-BE02-60D9259AFA10}.Release|Any CPU.ActiveCfg = Release|Any CPU
		{0167F6B5-9BB8-4F7C-BE02-60D9259AFA10}.Release|Any CPU.Build.0 = Release|Any CPU
		{0167F6B5-9BB8-4F7C-BE02-60D9259AFA10}.Release|x64.ActiveCfg = Release|Any CPU
		{0167F6B5-9BB8-4F7C-BE02-60D9259AFA10}.Release|x64.Build.0 = Release|Any CPU
		{0167F6B5-9BB8-4F7C-BE02-60D9259AFA10}.Release|x86.ActiveCfg = Release|Any CPU
		{0167F6B5-9BB8-4F7C-BE02-60D9259AFA10}.Release|x86.Build.0 = Release|Any CPU
		{585B3ABF-BC2B-4071-A9AE-56771DDF628E}.Debug|Any CPU.ActiveCfg = Debug|Any CPU
		{585B3ABF-BC2B-4071-A9AE-56771DDF628E}.Debug|Any CPU.Build.0 = Debug|Any CPU
		{585B3ABF-BC2B-4071-A9AE-56771DDF628E}.Debug|x64.ActiveCfg = Debug|Any CPU
		{585B3ABF-BC2B-4071-A9AE-56771DDF628E}.Debug|x64.Build.0 = Debug|Any CPU
		{585B3ABF-BC2B-4071-A9AE-56771DDF628E}.Debug|x86.ActiveCfg = Debug|Any CPU
		{585B3ABF-BC2B-4071-A9AE-56771DDF628E}.Debug|x86.Build.0 = Debug|Any CPU
		{585B3ABF-BC2B-4071-A9AE-56771DDF628E}.Release|Any CPU.ActiveCfg = Release|Any CPU
		{585B3ABF-BC2B-4071-A9AE-56771DDF628E}.Release|Any CPU.Build.0 = Release|Any CPU
		{585B3ABF-BC2B-4071-A9AE-56771DDF628E}.Release|x64.ActiveCfg = Release|Any CPU
		{585B3ABF-BC2B-4071-A9AE-56771DDF628E}.Release|x64.Build.0 = Release|Any CPU
		{585B3ABF-BC2B-4071-A9AE-56771DDF628E}.Release|x86.ActiveCfg = Release|Any CPU
		{585B3ABF-BC2B-4071-A9AE-56771DDF628E}.Release|x86.Build.0 = Release|Any CPU
		{F78692AD-F960-40E4-8068-531C0F6EDA95}.Debug|Any CPU.ActiveCfg = Debug|Any CPU
		{F78692AD-F960-40E4-8068-531C0F6EDA95}.Debug|Any CPU.Build.0 = Debug|Any CPU
		{F78692AD-F960-40E4-8068-531C0F6EDA95}.Debug|x64.ActiveCfg = Debug|Any CPU
		{F78692AD-F960-40E4-8068-531C0F6EDA95}.Debug|x64.Build.0 = Debug|Any CPU
		{F78692AD-F960-40E4-8068-531C0F6EDA95}.Debug|x86.ActiveCfg = Debug|Any CPU
		{F78692AD-F960-40E4-8068-531C0F6EDA95}.Debug|x86.Build.0 = Debug|Any CPU
		{F78692AD-F960-40E4-8068-531C0F6EDA95}.Release|Any CPU.ActiveCfg = Release|Any CPU
		{F78692AD-F960-40E4-8068-531C0F6EDA95}.Release|Any CPU.Build.0 = Release|Any CPU
		{F78692AD-F960-40E4-8068-531C0F6EDA95}.Release|x64.ActiveCfg = Release|Any CPU
		{F78692AD-F960-40E4-8068-531C0F6EDA95}.Release|x64.Build.0 = Release|Any CPU
		{F78692AD-F960-40E4-8068-531C0F6EDA95}.Release|x86.ActiveCfg = Release|Any CPU
		{F78692AD-F960-40E4-8068-531C0F6EDA95}.Release|x86.Build.0 = Release|Any CPU
		{425FF4EF-9B5F-4ADB-A4A4-AF2A27F807B7}.Debug|Any CPU.ActiveCfg = Debug|Any CPU
		{425FF4EF-9B5F-4ADB-A4A4-AF2A27F807B7}.Debug|Any CPU.Build.0 = Debug|Any CPU
		{425FF4EF-9B5F-4ADB-A4A4-AF2A27F807B7}.Debug|x64.ActiveCfg = Debug|Any CPU
		{425FF4EF-9B5F-4ADB-A4A4-AF2A27F807B7}.Debug|x64.Build.0 = Debug|Any CPU
		{425FF4EF-9B5F-4ADB-A4A4-AF2A27F807B7}.Debug|x86.ActiveCfg = Debug|Any CPU
		{425FF4EF-9B5F-4ADB-A4A4-AF2A27F807B7}.Debug|x86.Build.0 = Debug|Any CPU
		{425FF4EF-9B5F-4ADB-A4A4-AF2A27F807B7}.Release|Any CPU.ActiveCfg = Release|Any CPU
		{425FF4EF-9B5F-4ADB-A4A4-AF2A27F807B7}.Release|Any CPU.Build.0 = Release|Any CPU
		{425FF4EF-9B5F-4ADB-A4A4-AF2A27F807B7}.Release|x64.ActiveCfg = Release|Any CPU
		{425FF4EF-9B5F-4ADB-A4A4-AF2A27F807B7}.Release|x64.Build.0 = Release|Any CPU
		{425FF4EF-9B5F-4ADB-A4A4-AF2A27F807B7}.Release|x86.ActiveCfg = Release|Any CPU
		{425FF4EF-9B5F-4ADB-A4A4-AF2A27F807B7}.Release|x86.Build.0 = Release|Any CPU
		{EB55D319-EC4A-404D-9FB3-59B81A31E03B}.Debug|Any CPU.ActiveCfg = Debug|Any CPU
		{EB55D319-EC4A-404D-9FB3-59B81A31E03B}.Debug|Any CPU.Build.0 = Debug|Any CPU
		{EB55D319-EC4A-404D-9FB3-59B81A31E03B}.Debug|x64.ActiveCfg = Debug|Any CPU
		{EB55D319-EC4A-404D-9FB3-59B81A31E03B}.Debug|x64.Build.0 = Debug|Any CPU
		{EB55D319-EC4A-404D-9FB3-59B81A31E03B}.Debug|x86.ActiveCfg = Debug|Any CPU
		{EB55D319-EC4A-404D-9FB3-59B81A31E03B}.Debug|x86.Build.0 = Debug|Any CPU
		{EB55D319-EC4A-404D-9FB3-59B81A31E03B}.Release|Any CPU.ActiveCfg = Release|Any CPU
		{EB55D319-EC4A-404D-9FB3-59B81A31E03B}.Release|Any CPU.Build.0 = Release|Any CPU
		{EB55D319-EC4A-404D-9FB3-59B81A31E03B}.Release|x64.ActiveCfg = Release|Any CPU
		{EB55D319-EC4A-404D-9FB3-59B81A31E03B}.Release|x64.Build.0 = Release|Any CPU
		{EB55D319-EC4A-404D-9FB3-59B81A31E03B}.Release|x86.ActiveCfg = Release|Any CPU
		{EB55D319-EC4A-404D-9FB3-59B81A31E03B}.Release|x86.Build.0 = Release|Any CPU
		{91264C3D-E258-409D-952C-601ABACD0257}.Debug|Any CPU.ActiveCfg = Debug|Any CPU
		{91264C3D-E258-409D-952C-601ABACD0257}.Debug|Any CPU.Build.0 = Debug|Any CPU
		{91264C3D-E258-409D-952C-601ABACD0257}.Debug|x64.ActiveCfg = Debug|Any CPU
		{91264C3D-E258-409D-952C-601ABACD0257}.Debug|x64.Build.0 = Debug|Any CPU
		{91264C3D-E258-409D-952C-601ABACD0257}.Debug|x86.ActiveCfg = Debug|Any CPU
		{91264C3D-E258-409D-952C-601ABACD0257}.Debug|x86.Build.0 = Debug|Any CPU
		{91264C3D-E258-409D-952C-601ABACD0257}.Release|Any CPU.ActiveCfg = Release|Any CPU
		{91264C3D-E258-409D-952C-601ABACD0257}.Release|Any CPU.Build.0 = Release|Any CPU
		{91264C3D-E258-409D-952C-601ABACD0257}.Release|x64.ActiveCfg = Release|Any CPU
		{91264C3D-E258-409D-952C-601ABACD0257}.Release|x64.Build.0 = Release|Any CPU
		{91264C3D-E258-409D-952C-601ABACD0257}.Release|x86.ActiveCfg = Release|Any CPU
		{91264C3D-E258-409D-952C-601ABACD0257}.Release|x86.Build.0 = Release|Any CPU
	EndGlobalSection
	GlobalSection(NestedProjects) = preSolution
		{A13BF67C-3560-4AE6-878F-ED4F65821090} = {3E7A8489-FDEE-4B2E-AE08-252494739BE8}
		{8170D496-8FF5-48D1-BC39-9432DA0B3C71} = {A13BF67C-3560-4AE6-878F-ED4F65821090}
		{4DAD1AD0-0FD6-4023-BC0E-25547AD615AD} = {3E7A8489-FDEE-4B2E-AE08-252494739BE8}
		{1B17B908-CE78-4B54-AD7C-23B8F36DB988} = {4DAD1AD0-0FD6-4023-BC0E-25547AD615AD}
		{41A41964-32CB-4F5E-92EF-D39E5DC23504} = {4DAD1AD0-0FD6-4023-BC0E-25547AD615AD}
		{045181FD-A2BD-4CD6-823A-F1BF450B56AF} = {4DAD1AD0-0FD6-4023-BC0E-25547AD615AD}
		{F81D1196-5A9E-49E8-A20E-AA779427F080} = {3E7A8489-FDEE-4B2E-AE08-252494739BE8}
		{4493151F-CFC1-4D3F-A2A7-B9224EBA0094} = {F81D1196-5A9E-49E8-A20E-AA779427F080}
		{3EE4B522-F445-40B9-9A00-F3A08903E8E0} = {4DAD1AD0-0FD6-4023-BC0E-25547AD615AD}
		{0167F6B5-9BB8-4F7C-BE02-60D9259AFA10} = {4DAD1AD0-0FD6-4023-BC0E-25547AD615AD}
		{585B3ABF-BC2B-4071-A9AE-56771DDF628E} = {4DAD1AD0-0FD6-4023-BC0E-25547AD615AD}
		{F78692AD-F960-40E4-8068-531C0F6EDA95} = {F81D1196-5A9E-49E8-A20E-AA779427F080}
		{36B31412-BF15-45DD-9A61-2BEFD85ACB24} = {3E7A8489-FDEE-4B2E-AE08-252494739BE8}
		{425FF4EF-9B5F-4ADB-A4A4-AF2A27F807B7} = {36B31412-BF15-45DD-9A61-2BEFD85ACB24}
		{EB55D319-EC4A-404D-9FB3-59B81A31E03B} = {4DAD1AD0-0FD6-4023-BC0E-25547AD615AD}
		{91264C3D-E258-409D-952C-601ABACD0257} = {4DAD1AD0-0FD6-4023-BC0E-25547AD615AD}
	EndGlobalSection
EndGlobal
